
Microsoft Visual Studio Solution File, Format Version 12.00
# Visual Studio Version 17
VisualStudioVersion = 17.3.32922.545
MinimumVisualStudioVersion = 10.0.40219.1
Project("{FAE04EC0-301F-11D3-BF4B-00C04F79EFBC}") = "EmployeeWageCalculation", "EmployeeWageCalculation\EmployeeWageCalculation.csproj", "{31337303-37D9-4AFA-8B47-95AD3B6D7F05}"
EndProject
Global
	GlobalSection(SolutionConfigurationPlatforms) = preSolution
		Debug|Any CPU = Debug|Any CPU
		Release|Any CPU = Release|Any CPU
	EndGlobalSection
	GlobalSection(ProjectConfigurationPlatforms) = postSolution
		{31337303-37D9-4AFA-8B47-95AD3B6D7F05}.Debug|Any CPU.ActiveCfg = Debug|Any CPU
		{31337303-37D9-4AFA-8B47-95AD3B6D7F05}.Debug|Any CPU.Build.0 = Debug|Any CPU
		{31337303-37D9-4AFA-8B47-95AD3B6D7F05}.Release|Any CPU.ActiveCfg = Release|Any CPU
		{31337303-37D9-4AFA-8B47-95AD3B6D7F05}.Release|Any CPU.Build.0 = Release|Any CPU
	EndGlobalSection
	GlobalSection(SolutionProperties) = preSolution
		HideSolutionNode = FALSE
	EndGlobalSection
	GlobalSection(ExtensibilityGlobals) = postSolution
		SolutionGuid = {81F8410C-F35B-4F83-B4BD-F161D80C72A8}
	EndGlobalSection
EndGlobal
